
Microsoft Visual Studio Solution File, Format Version 12.00
# Visual Studio Version 17
VisualStudioVersion = 17.0.32126.317
MinimumVisualStudioVersion = 10.0.40219.1
Project("{FAE04EC0-301F-11D3-BF4B-00C04F79EFBC}") = "Ficha_10", "Ficha_10\Ficha_10.csproj", "{4C96AB75-4A65-48B7-AD28-7FE4E6F2F3A1}"
EndProject
Global
	GlobalSection(SolutionConfigurationPlatforms) = preSolution
		Debug|Any CPU = Debug|Any CPU
		Release|Any CPU = Release|Any CPU
	EndGlobalSection
	GlobalSection(ProjectConfigurationPlatforms) = postSolution
		{4C96AB75-4A65-48B7-AD28-7FE4E6F2F3A1}.Debug|Any CPU.ActiveCfg = Debug|Any CPU
		{4C96AB75-4A65-48B7-AD28-7FE4E6F2F3A1}.Debug|Any CPU.Build.0 = Debug|Any CPU
		{4C96AB75-4A65-48B7-AD28-7FE4E6F2F3A1}.Release|Any CPU.ActiveCfg = Release|Any CPU
		{4C96AB75-4A65-48B7-AD28-7FE4E6F2F3A1}.Release|Any CPU.Build.0 = Release|Any CPU
	EndGlobalSection
	GlobalSection(SolutionProperties) = preSolution
		HideSolutionNode = FALSE
	EndGlobalSection
	GlobalSection(ExtensibilityGlobals) = postSolution
		SolutionGuid = {44BFCFAC-3422-472C-B2AF-F819AD94D156}
	EndGlobalSection
EndGlobal
